// !$*UTF8*$!
{
	archiveVersion = 1;
	classes = {
	};
	objectVersion = 48;
	objects = {

/* Begin PBXBuildFile section */
		AA77E229205FAADF00859E62 /* AppDelegate.m in Sources */ = {isa = PBXBuildFile; fileRef = AA77E228205FAADF00859E62 /* AppDelegate.m */; };
		AA77E22C205FAADF00859E62 /* ViewController.m in Sources */ = {isa = PBXBuildFile; fileRef = AA77E22B205FAADF00859E62 /* ViewController.m */; };
		AA77E22F205FAADF00859E62 /* Main.storyboard in Resources */ = {isa = PBXBuildFile; fileRef = AA77E22D205FAADF00859E62 /* Main.storyboard */; };
		AA77E231205FAADF00859E62 /* Assets.xcassets in Resources */ = {isa = PBXBuildFile; fileRef = AA77E230205FAADF00859E62 /* Assets.xcassets */; };
		AA77E234205FAADF00859E62 /* LaunchScreen.storyboard in Resources */ = {isa = PBXBuildFile; fileRef = AA77E232205FAADF00859E62 /* LaunchScreen.storyboard */; };
		AA77E237205FAADF00859E62 /* main.m in Sources */ = {isa = PBXBuildFile; fileRef = AA77E236205FAADF00859E62 /* main.m */; };
		AA77E272205FD39100859E62 /* mew_baseline.png in Resources */ = {isa = PBXBuildFile; fileRef = AA77E26C205FD39100859E62 /* mew_baseline.png */; };
		AA77E273205FD39100859E62 /* mew_baseline.jpg in Resources */ = {isa = PBXBuildFile; fileRef = AA77E26D205FD39100859E62 /* mew_baseline.jpg */; };
		AA77E274205FD39100859E62 /* mew_interlaced.gif in Resources */ = {isa = PBXBuildFile; fileRef = AA77E26E205FD39100859E62 /* mew_interlaced.gif */; };
		AA77E275205FD39100859E62 /* mew_progressive.jpg in Resources */ = {isa = PBXBuildFile; fileRef = AA77E26F205FD39100859E62 /* mew_progressive.jpg */; };
		AA77E276205FD39100859E62 /* mew_baseline.gif in Resources */ = {isa = PBXBuildFile; fileRef = AA77E270205FD39100859E62 /* mew_baseline.gif */; };
		AA77E277205FD39100859E62 /* mew_interlaced.png in Resources */ = {isa = PBXBuildFile; fileRef = AA77E271205FD39100859E62 /* mew_interlaced.png */; };
		AA77E27A205FD9F200859E62 /* UIView+YYAdd.m in Sources */ = {isa = PBXBuildFile; fileRef = AA77E278205FD9F100859E62 /* UIView+YYAdd.m */; };
		AA77E27D205FDCA800859E62 /* UIControl+YYAdd.m in Sources */ = {isa = PBXBuildFile; fileRef = AA77E27C205FDCA800859E62 /* UIControl+YYAdd.m */; };
/* End PBXBuildFile section */

/* Begin PBXFileReference section */
		AA77E224205FAADF00859E62 /* imageDecode.app */ = {isa = PBXFileReference; explicitFileType = wrapper.application; includeInIndex = 0; path = imageDecode.app; sourceTree = BUILT_PRODUCTS_DIR; };
		AA77E227205FAADF00859E62 /* AppDelegate.h */ = {isa = PBXFileReference; lastKnownFileType = sourcecode.c.h; path = AppDelegate.h; sourceTree = "<group>"; };
		AA77E228205FAADF00859E62 /* AppDelegate.m */ = {isa = PBXFileReference; lastKnownFileType = sourcecode.c.objc; path = AppDelegate.m; sourceTree = "<group>"; };
		AA77E22A205FAADF00859E62 /* ViewController.h */ = {isa = PBXFileReference; lastKnownFileType = sourcecode.c.h; path = ViewController.h; sourceTree = "<group>"; };
		AA77E22B205FAADF00859E62 /* ViewController.m */ = {isa = PBXFileReference; lastKnownFileType = sourcecode.c.objc; path = ViewController.m; sourceTree = "<group>"; };
		AA77E22E205FAADF00859E62 /* Base */ = {isa = PBXFileReference; lastKnownFileType = file.storyboard; name = Base; path = Base.lproj/Main.storyboard; sourceTree = "<group>"; };
		AA77E230205FAADF00859E62 /* Assets.xcassets */ = {isa = PBXFileReference; lastKnownFileType = folder.assetcatalog; path = Assets.xcassets; sourceTree = "<group>"; };
		AA77E233205FAADF00859E62 /* Base */ = {isa = PBXFileReference; lastKnownFileType = file.storyboard; name = Base; path = Base.lproj/LaunchScreen.storyboard; sourceTree = "<group>"; };
		AA77E235205FAADF00859E62 /* Info.plist */ = {isa = PBXFileReference; lastKnownFileType = text.plist.xml; path = Info.plist; sourceTree = "<group>"; };
		AA77E236205FAADF00859E62 /* main.m */ = {isa = PBXFileReference; lastKnownFileType = sourcecode.c.objc; path = main.m; sourceTree = "<group>"; };
		AA77E26C205FD39100859E62 /* mew_baseline.png */ = {isa = PBXFileReference; lastKnownFileType = image.png; path = mew_baseline.png; sourceTree = "<group>"; };
		AA77E26D205FD39100859E62 /* mew_baseline.jpg */ = {isa = PBXFileReference; lastKnownFileType = image.jpeg; path = mew_baseline.jpg; sourceTree = "<group>"; };
		AA77E26E205FD39100859E62 /* mew_interlaced.gif */ = {isa = PBXFileReference; lastKnownFileType = image.gif; path = mew_interlaced.gif; sourceTree = "<group>"; };
		AA77E26F205FD39100859E62 /* mew_progressive.jpg */ = {isa = PBXFileReference; lastKnownFileType = image.jpeg; path = mew_progressive.jpg; sourceTree = "<group>"; };
		AA77E270205FD39100859E62 /* mew_baseline.gif */ = {isa = PBXFileReference; lastKnownFileType = image.gif; path = mew_baseline.gif; sourceTree = "<group>"; };
		AA77E271205FD39100859E62 /* mew_interlaced.png */ = {isa = PBXFileReference; lastKnownFileType = image.png; path = mew_interlaced.png; sourceTree = "<group>"; };
		AA77E278205FD9F100859E62 /* UIView+YYAdd.m */ = {isa = PBXFileReference; fileEncoding = 4; lastKnownFileType = sourcecode.c.objc; path = "UIView+YYAdd.m"; sourceTree = "<group>"; };
		AA77E279205FD9F200859E62 /* UIView+YYAdd.h */ = {isa = PBXFileReference; fileEncoding = 4; lastKnownFileType = sourcecode.c.h; path = "UIView+YYAdd.h"; sourceTree = "<group>"; };
		AA77E27B205FDCA800859E62 /* UIControl+YYAdd.h */ = {isa = PBXFileReference; fileEncoding = 4; lastKnownFileType = sourcecode.c.h; path = "UIControl+YYAdd.h"; sourceTree = "<group>"; };
		AA77E27C205FDCA800859E62 /* UIControl+YYAdd.m */ = {isa = PBXFileReference; fileEncoding = 4; lastKnownFileType = sourcecode.c.objc; path = "UIControl+YYAdd.m"; sourceTree = "<group>"; };
/* End PBXFileReference section */

/* Begin PBXFrameworksBuildPhase section */
		AA77E221205FAADF00859E62 /* Frameworks */ = {
			isa = PBXFrameworksBuildPhase;
			buildActionMask = 2147483647;
			files = (
			);
			runOnlyForDeploymentPostprocessing = 0;
		};
/* End PBXFrameworksBuildPhase section */

/* Begin PBXGroup section */
		AA77E21B205FAADF00859E62 = {
			isa = PBXGroup;
			children = (
				AA77E226205FAADF00859E62 /* imageDecode */,
				AA77E225205FAADF00859E62 /* Products */,
			);
			sourceTree = "<group>";
		};
		AA77E225205FAADF00859E62 /* Products */ = {
			isa = PBXGroup;
			children = (
				AA77E224205FAADF00859E62 /* imageDecode.app */,
			);
			name = Products;
			sourceTree = "<group>";
		};
		AA77E226205FAADF00859E62 /* imageDecode */ = {
			isa = PBXGroup;
			children = (
				AA77E227205FAADF00859E62 /* AppDelegate.h */,
				AA77E228205FAADF00859E62 /* AppDelegate.m */,
				AA77E26B205FD39100859E62 /* resources */,
				AA77E241205FAC8700859E62 /* utilities */,
				AA77E22A205FAADF00859E62 /* ViewController.h */,
				AA77E22B205FAADF00859E62 /* ViewController.m */,
				AA77E22D205FAADF00859E62 /* Main.storyboard */,
				AA77E230205FAADF00859E62 /* Assets.xcassets */,
				AA77E232205FAADF00859E62 /* LaunchScreen.storyboard */,
				AA77E235205FAADF00859E62 /* Info.plist */,
				AA77E236205FAADF00859E62 /* main.m */,
			);
			path = imageDecode;
			sourceTree = "<group>";
		};
		AA77E241205FAC8700859E62 /* utilities */ = {
			isa = PBXGroup;
			children = (
				AA77E279205FD9F200859E62 /* UIView+YYAdd.h */,
				AA77E278205FD9F100859E62 /* UIView+YYAdd.m */,
				AA77E27B205FDCA800859E62 /* UIControl+YYAdd.h */,
				AA77E27C205FDCA800859E62 /* UIControl+YYAdd.m */,
			);
			path = utilities;
			sourceTree = "<group>";
		};
		AA77E26B205FD39100859E62 /* resources */ = {
			isa = PBXGroup;
			children = (
				AA77E26C205FD39100859E62 /* mew_baseline.png */,
				AA77E26D205FD39100859E62 /* mew_baseline.jpg */,
				AA77E26E205FD39100859E62 /* mew_interlaced.gif */,
				AA77E26F205FD39100859E62 /* mew_progressive.jpg */,
				AA77E270205FD39100859E62 /* mew_baseline.gif */,
				AA77E271205FD39100859E62 /* mew_interlaced.png */,
			);
			path = resources;
			sourceTree = "<group>";
		};
/* End PBXGroup section */

/* Begin PBXNativeTarget section */
		AA77E223205FAADF00859E62 /* imageDecode */ = {
			isa = PBXNativeTarget;
			buildConfigurationList = AA77E23A205FAADF00859E62 /* Build configuration list for PBXNativeTarget "imageDecode" */;
			buildPhases = (
				AA77E220205FAADF00859E62 /* Sources */,
				AA77E221205FAADF00859E62 /* Frameworks */,
				AA77E222205FAADF00859E62 /* Resources */,
			);
			buildRules = (
			);
			dependencies = (
			);
			name = imageDecode;
			productName = imageDecode;
			productReference = AA77E224205FAADF00859E62 /* imageDecode.app */;
			productType = "com.apple.product-type.application";
		};
/* End PBXNativeTarget section */

/* Begin PBXProject section */
		AA77E21C205FAADF00859E62 /* Project object */ = {
			isa = PBXProject;
			attributes = {
				LastUpgradeCheck = 0920;
				ORGANIZATIONNAME = Gmingyue;
				TargetAttributes = {
					AA77E223205FAADF00859E62 = {
						CreatedOnToolsVersion = 9.2;
						ProvisioningStyle = Automatic;
					};
				};
			};
			buildConfigurationList = AA77E21F205FAADF00859E62 /* Build configuration list for PBXProject "imageDecode" */;
			compatibilityVersion = "Xcode 8.0";
			developmentRegion = en;
			hasScannedForEncodings = 0;
			knownRegions = (
				en,
				Base,
			);
			mainGroup = AA77E21B205FAADF00859E62;
			productRefGroup = AA77E225205FAADF00859E62 /* Products */;
			projectDirPath = "";
			projectRoot = "";
			targets = (
				AA77E223205FAADF00859E62 /* imageDecode */,
			);
		};
/* End PBXProject section */

/* Begin PBXResourcesBuildPhase section */
		AA77E222205FAADF00859E62 /* Resources */ = {
			isa = PBXResourcesBuildPhase;
			buildActionMask = 2147483647;
			files = (
				AA77E234205FAADF00859E62 /* LaunchScreen.storyboard in Resources */,
				AA77E277205FD39100859E62 /* mew_interlaced.png in Resources */,
				AA77E275205FD39100859E62 /* mew_progressive.jpg in Resources */,
				AA77E231205FAADF00859E62 /* Assets.xcassets in Resources */,
				AA77E272205FD39100859E62 /* mew_baseline.png in Resources */,
				AA77E274205FD39100859E62 /* mew_interlaced.gif in Resources */,
				AA77E273205FD39100859E62 /* mew_baseline.jpg in Resources */,
				AA77E22F205FAADF00859E62 /* Main.storyboard in Resources */,
				AA77E276205FD39100859E62 /* mew_baseline.gif in Resources */,
			);
			runOnlyForDeploymentPostprocessing = 0;
		};
/* End PBXResourcesBuildPhase section */

/* Begin PBXSourcesBuildPhase section */
		AA77E220205FAADF00859E62 /* Sources */ = {
			isa = PBXSourcesBuildPhase;
			buildActionMask = 2147483647;
			files = (
				AA77E27D205FDCA800859E62 /* UIControl+YYAdd.m in Sources */,
				AA77E27A205FD9F200859E62 /* UIView+YYAdd.m in Sources */,
				AA77E22C205FAADF00859E62 /* ViewController.m in Sources */,
				AA77E237205FAADF00859E62 /* main.m in Sources */,
				AA77E229205FAADF00859E62 /* AppDelegate.m in Sources */,
			);
			runOnlyForDeploymentPostprocessing = 0;
		};
/* End PBXSourcesBuildPhase section */

/* Begin PBXVariantGroup section */
		AA77E22D205FAADF00859E62 /* Main.storyboard */ = {
			isa = PBXVariantGroup;
			children = (
				AA77E22E205FAADF00859E62 /* Base */,
			);
			name = Main.storyboard;
			sourceTree = "<group>";
		};
		AA77E232205FAADF00859E62 /* LaunchScreen.storyboard */ = {
			isa = PBXVariantGroup;
			children = (
				AA77E233205FAADF00859E62 /* Base */,
			);
			name = LaunchScreen.storyboard;
			sourceTree = "<group>";
		};
/* End PBXVariantGroup section */

/* Begin XCBuildConfiguration section */
		AA77E238205FAADF00859E62 /* Debug */ = {
			isa = XCBuildConfiguration;
			buildSettings = {
				ALWAYS_SEARCH_USER_PATHS = NO;
				CLANG_ANALYZER_NONNULL = YES;
				CLANG_ANALYZER_NUMBER_OBJECT_CONVERSION = YES_AGGRESSIVE;
				CLANG_CXX_LANGUAGE_STANDARD = "gnu++14";
				CLANG_CXX_LIBRARY = "libc++";
				CLANG_ENABLE_MODULES = YES;
				CLANG_ENABLE_OBJC_ARC = YES;
				CLANG_WARN_BLOCK_CAPTURE_AUTORELEASING = YES;
				CLANG_WARN_BOOL_CONVERSION = YES;
				CLANG_WARN_COMMA = YES;
				CLANG_WARN_CONSTANT_CONVERSION = YES;
				CLANG_WARN_DIRECT_OBJC_ISA_USAGE = YES_ERROR;
				CLANG_WARN_DOCUMENTATION_COMMENTS = YES;
				CLANG_WARN_EMPTY_BODY = YES;
				CLANG_WARN_ENUM_CONVERSION = YES;
				CLANG_WARN_INFINITE_RECURSION = YES;
				CLANG_WARN_INT_CONVERSION = YES;
				CLANG_WARN_NON_LITERAL_NULL_CONVERSION = YES;
				CLANG_WARN_OBJC_LITERAL_CONVERSION = YES;
				CLANG_WARN_OBJC_ROOT_CLASS = YES_ERROR;
				CLANG_WARN_RANGE_LOOP_ANALYSIS = YES;
				CLANG_WARN_STRICT_PROTOTYPES = YES;
				CLANG_WARN_SUSPICIOUS_MOVE = YES;
				CLANG_WARN_UNGUARDED_AVAILABILITY = YES_AGGRESSIVE;
				CLANG_WARN_UNREACHABLE_CODE = YES;
				CLANG_WARN__DUPLICATE_METHOD_MATCH = YES;
				CODE_SIGN_IDENTITY = "iPhone Developer";
				COPY_PHASE_STRIP = NO;
				DEBUG_INFORMATION_FORMAT = dwarf;
				ENABLE_STRICT_OBJC_MSGSEND = YES;
				ENABLE_TESTABILITY = YES;
				GCC_C_LANGUAGE_STANDARD = gnu11;
				GCC_DYNAMIC_NO_PIC = NO;
				GCC_NO_COMMON_BLOCKS = YES;
				GCC_OPTIMIZATION_LEVEL = 0;
				GCC_PREPROCESSOR_DEFINITIONS = (
					"DEBUG=1",
					"$(inherited)",
				);
				GCC_WARN_64_TO_32_BIT_CONVERSION = YES;
				GCC_WARN_ABOUT_RETURN_TYPE = YES_ERROR;
				GCC_WARN_UNDECLARED_SELECTOR = YES;
				GCC_WARN_UNINITIALIZED_AUTOS = YES_AGGRESSIVE;
				GCC_WARN_UNUSED_FUNCTION = YES;
				GCC_WARN_UNUSED_VARIABLE = YES;
				IPHONEOS_DEPLOYMENT_TARGET = 11.2;
				MTL_ENABLE_DEBUG_INFO = YES;
				ONLY_ACTIVE_ARCH = YES;
				SDKROOT = iphoneos;
			};
			name = Debug;
		};
		AA77E239205FAADF00859E62 /* Release */ = {
			isa = XCBuildConfiguration;
			buildSettings = {
				ALWAYS_SEARCH_USER_PATHS = NO;
				CLANG_ANALYZER_NONNULL = YES;
				CLANG_ANALYZER_NUMBER_OBJECT_CONVERSION = YES_AGGRESSIVE;
				CLANG_CXX_LANGUAGE_STANDARD = "gnu++14";
				CLANG_CXX_LIBRARY = "libc++";
				CLANG_ENABLE_MODULES = YES;
				CLANG_ENABLE_OBJC_ARC = YES;
				CLANG_WARN_BLOCK_CAPTURE_AUTORELEASING = YES;
				CLANG_WARN_BOOL_CONVERSION = YES;
				CLANG_WARN_COMMA = YES;
				CLANG_WARN_CONSTANT_CONVERSION = YES;
				CLANG_WARN_DIRECT_OBJC_ISA_USAGE = YES_ERROR;
				CLANG_WARN_DOCUMENTATION_COMMENTS = YES;
				CLANG_WARN_EMPTY_BODY = YES;
				CLANG_WARN_ENUM_CONVERSION = YES;
				CLANG_WARN_INFINITE_RECURSION = YES;
				CLANG_WARN_INT_CONVERSION = YES;
				CLANG_WARN_NON_LITERAL_NULL_CONVERSION = YES;
				CLANG_WARN_OBJC_LITERAL_CONVERSION = YES;
				CLANG_WARN_OBJC_ROOT_CLASS = YES_ERROR;
				CLANG_WARN_RANGE_LOOP_ANALYSIS = YES;
				CLANG_WARN_STRICT_PROTOTYPES = YES;
				CLANG_WARN_SUSPICIOUS_MOVE = YES;
				CLANG_WARN_UNGUARDED_AVAILABILITY = YES_AGGRESSIVE;
				CLANG_WARN_UNREACHABLE_CODE = YES;
				CLANG_WARN__DUPLICATE_METHOD_MATCH = YES;
				CODE_SIGN_IDENTITY = "iPhone Developer";
				COPY_PHASE_STRIP = NO;
				DEBUG_INFORMATION_FORMAT = "dwarf-with-dsym";
				ENABLE_NS_ASSERTIONS = NO;
				ENABLE_STRICT_OBJC_MSGSEND = YES;
				GCC_C_LANGUAGE_STANDARD = gnu11;
				GCC_NO_COMMON_BLOCKS = YES;
				GCC_WARN_64_TO_32_BIT_CONVERSION = YES;
				GCC_WARN_ABOUT_RETURN_TYPE = YES_ERROR;
				GCC_WARN_UNDECLARED_SELECTOR = YES;
				GCC_WARN_UNINITIALIZED_AUTOS = YES_AGGRESSIVE;
				GCC_WARN_UNUSED_FUNCTION = YES;
				GCC_WARN_UNUSED_VARIABLE = YES;
				IPHONEOS_DEPLOYMENT_TARGET = 11.2;
				MTL_ENABLE_DEBUG_INFO = NO;
				SDKROOT = iphoneos;
				VALIDATE_PRODUCT = YES;
			};
			name = Release;
		};
		AA77E23B205FAADF00859E62 /* Debug */ = {
			isa = XCBuildConfiguration;
			buildSettings = {
				ASSETCATALOG_COMPILER_APPICON_NAME = AppIcon;
				CODE_SIGN_STYLE = Automatic;
				DEVELOPMENT_TEAM = Z9UD67WPFX;
				INFOPLIST_FILE = imageDecode/Info.plist;
				IPHONEOS_DEPLOYMENT_TARGET = 9.0;
				LD_RUNPATH_SEARCH_PATHS = "$(inherited) @executable_path/Frameworks";
				PRODUCT_BUNDLE_IDENTIFIER = com.mingyuefly.com.imageDecode;
				PRODUCT_NAME = "$(TARGET_NAME)";
				TARGETED_DEVICE_FAMILY = "1,2";
			};
			name = Debug;
		};
		AA77E23C205FAADF00859E62 /* Release */ = {
			isa = XCBuildConfiguration;
			buildSettings = {
				ASSETCATALOG_COMPILER_APPICON_NAME = AppIcon;
				CODE_SIGN_STYLE = Automatic;
				DEVELOPMENT_TEAM = Z9UD67WPFX;
				INFOPLIST_FILE = imageDecode/Info.plist;
				IPHONEOS_DEPLOYMENT_TARGET = 9.0;
				LD_RUNPATH_SEARCH_PATHS = "$(inherited) @executable_path/Frameworks";
				PRODUCT_BUNDLE_IDENTIFIER = com.mingyuefly.com.imageDecode;
				PRODUCT_NAME = "$(TARGET_NAME)";
				TARGETED_DEVICE_FAMILY = "1,2";
			};
			name = Release;
		};
/* End XCBuildConfiguration section */

/* Begin XCConfigurationList section */
		AA77E21F205FAADF00859E62 /* Build configuration list for PBXProject "imageDecode" */ = {
			isa = XCConfigurationList;
			buildConfigurations = (
				AA77E238205FAADF00859E62 /* Debug */,
				AA77E239205FAADF00859E62 /* Release */,
			);
			defaultConfigurationIsVisible = 0;
			defaultConfigurationName = Release;
		};
		AA77E23A205FAADF00859E62 /* Build configuration list for PBXNativeTarget "imageDecode" */ = {
			isa = XCConfigurationList;
			buildConfigurations = (
				AA77E23B205FAADF00859E62 /* Debug */,
				AA77E23C205FAADF00859E62 /* Release */,
			);
			defaultConfigurationIsVisible = 0;
			defaultConfigurationName = Release;
		};
/* End XCConfigurationList section */
	};
	rootObject = AA77E21C205FAADF00859E62 /* Project object */;
}
