// !$*UTF8*$!
{
	archiveVersion = 1;
	classes = {
	};
	objectVersion = 48;
	objects = {

/* Begin PBXBuildFile section */
		AA6BDB2F205BA382000AE822 /* AppDelegate.m in Sources */ = {isa = PBXBuildFile; fileRef = AA6BDB2E205BA382000AE822 /* AppDelegate.m */; };
		AA6BDB32205BA382000AE822 /* ViewController.m in Sources */ = {isa = PBXBuildFile; fileRef = AA6BDB31205BA382000AE822 /* ViewController.m */; };
		AA6BDB35205BA382000AE822 /* Main.storyboard in Resources */ = {isa = PBXBuildFile; fileRef = AA6BDB33205BA382000AE822 /* Main.storyboard */; };
		AA6BDB37205BA382000AE822 /* Assets.xcassets in Resources */ = {isa = PBXBuildFile; fileRef = AA6BDB36205BA382000AE822 /* Assets.xcassets */; };
		AA6BDB3A205BA382000AE822 /* LaunchScreen.storyboard in Resources */ = {isa = PBXBuildFile; fileRef = AA6BDB38205BA382000AE822 /* LaunchScreen.storyboard */; };
		AA6BDB3D205BA382000AE822 /* main.m in Sources */ = {isa = PBXBuildFile; fileRef = AA6BDB3C205BA382000AE822 /* main.m */; };
		AA6BDB45205BA4B1000AE822 /* GridView.m in Sources */ = {isa = PBXBuildFile; fileRef = AA6BDB44205BA4B1000AE822 /* GridView.m */; };
		AA6BDB48205BB800000AE822 /* UIViewAdditions.m in Sources */ = {isa = PBXBuildFile; fileRef = AA6BDB47205BB800000AE822 /* UIViewAdditions.m */; };
/* End PBXBuildFile section */

/* Begin PBXFileReference section */
		AA6BDB2A205BA382000AE822 /* CATransform3DDemo.app */ = {isa = PBXFileReference; explicitFileType = wrapper.application; includeInIndex = 0; path = CATransform3DDemo.app; sourceTree = BUILT_PRODUCTS_DIR; };
		AA6BDB2D205BA382000AE822 /* AppDelegate.h */ = {isa = PBXFileReference; lastKnownFileType = sourcecode.c.h; path = AppDelegate.h; sourceTree = "<group>"; };
		AA6BDB2E205BA382000AE822 /* AppDelegate.m */ = {isa = PBXFileReference; lastKnownFileType = sourcecode.c.objc; path = AppDelegate.m; sourceTree = "<group>"; };
		AA6BDB30205BA382000AE822 /* ViewController.h */ = {isa = PBXFileReference; lastKnownFileType = sourcecode.c.h; path = ViewController.h; sourceTree = "<group>"; };
		AA6BDB31205BA382000AE822 /* ViewController.m */ = {isa = PBXFileReference; lastKnownFileType = sourcecode.c.objc; path = ViewController.m; sourceTree = "<group>"; };
		AA6BDB34205BA382000AE822 /* Base */ = {isa = PBXFileReference; lastKnownFileType = file.storyboard; name = Base; path = Base.lproj/Main.storyboard; sourceTree = "<group>"; };
		AA6BDB36205BA382000AE822 /* Assets.xcassets */ = {isa = PBXFileReference; lastKnownFileType = folder.assetcatalog; path = Assets.xcassets; sourceTree = "<group>"; };
		AA6BDB39205BA382000AE822 /* Base */ = {isa = PBXFileReference; lastKnownFileType = file.storyboard; name = Base; path = Base.lproj/LaunchScreen.storyboard; sourceTree = "<group>"; };
		AA6BDB3B205BA382000AE822 /* Info.plist */ = {isa = PBXFileReference; lastKnownFileType = text.plist.xml; path = Info.plist; sourceTree = "<group>"; };
		AA6BDB3C205BA382000AE822 /* main.m */ = {isa = PBXFileReference; lastKnownFileType = sourcecode.c.objc; path = main.m; sourceTree = "<group>"; };
		AA6BDB43205BA4B1000AE822 /* GridView.h */ = {isa = PBXFileReference; lastKnownFileType = sourcecode.c.h; path = GridView.h; sourceTree = "<group>"; };
		AA6BDB44205BA4B1000AE822 /* GridView.m */ = {isa = PBXFileReference; lastKnownFileType = sourcecode.c.objc; path = GridView.m; sourceTree = "<group>"; };
		AA6BDB46205BB800000AE822 /* UIViewAdditions.h */ = {isa = PBXFileReference; fileEncoding = 4; lastKnownFileType = sourcecode.c.h; path = UIViewAdditions.h; sourceTree = "<group>"; };
		AA6BDB47205BB800000AE822 /* UIViewAdditions.m */ = {isa = PBXFileReference; fileEncoding = 4; lastKnownFileType = sourcecode.c.objc; path = UIViewAdditions.m; sourceTree = "<group>"; };
/* End PBXFileReference section */

/* Begin PBXFrameworksBuildPhase section */
		AA6BDB27205BA382000AE822 /* Frameworks */ = {
			isa = PBXFrameworksBuildPhase;
			buildActionMask = 2147483647;
			files = (
			);
			runOnlyForDeploymentPostprocessing = 0;
		};
/* End PBXFrameworksBuildPhase section */

/* Begin PBXGroup section */
		AA6BDB21205BA382000AE822 = {
			isa = PBXGroup;
			children = (
				AA6BDB2C205BA382000AE822 /* CATransform3DDemo */,
				AA6BDB2B205BA382000AE822 /* Products */,
			);
			sourceTree = "<group>";
		};
		AA6BDB2B205BA382000AE822 /* Products */ = {
			isa = PBXGroup;
			children = (
				AA6BDB2A205BA382000AE822 /* CATransform3DDemo.app */,
			);
			name = Products;
			sourceTree = "<group>";
		};
		AA6BDB2C205BA382000AE822 /* CATransform3DDemo */ = {
			isa = PBXGroup;
			children = (
				AA6BDB2D205BA382000AE822 /* AppDelegate.h */,
				AA6BDB2E205BA382000AE822 /* AppDelegate.m */,
				AA6BDB46205BB800000AE822 /* UIViewAdditions.h */,
				AA6BDB47205BB800000AE822 /* UIViewAdditions.m */,
				AA6BDB30205BA382000AE822 /* ViewController.h */,
				AA6BDB31205BA382000AE822 /* ViewController.m */,
				AA6BDB43205BA4B1000AE822 /* GridView.h */,
				AA6BDB44205BA4B1000AE822 /* GridView.m */,
				AA6BDB33205BA382000AE822 /* Main.storyboard */,
				AA6BDB36205BA382000AE822 /* Assets.xcassets */,
				AA6BDB38205BA382000AE822 /* LaunchScreen.storyboard */,
				AA6BDB3B205BA382000AE822 /* Info.plist */,
				AA6BDB3C205BA382000AE822 /* main.m */,
			);
			path = CATransform3DDemo;
			sourceTree = "<group>";
		};
/* End PBXGroup section */

/* Begin PBXNativeTarget section */
		AA6BDB29205BA382000AE822 /* CATransform3DDemo */ = {
			isa = PBXNativeTarget;
			buildConfigurationList = AA6BDB40205BA382000AE822 /* Build configuration list for PBXNativeTarget "CATransform3DDemo" */;
			buildPhases = (
				AA6BDB26205BA382000AE822 /* Sources */,
				AA6BDB27205BA382000AE822 /* Frameworks */,
				AA6BDB28205BA382000AE822 /* Resources */,
			);
			buildRules = (
			);
			dependencies = (
			);
			name = CATransform3DDemo;
			productName = CATransform3DDemo;
			productReference = AA6BDB2A205BA382000AE822 /* CATransform3DDemo.app */;
			productType = "com.apple.product-type.application";
		};
/* End PBXNativeTarget section */

/* Begin PBXProject section */
		AA6BDB22205BA382000AE822 /* Project object */ = {
			isa = PBXProject;
			attributes = {
				LastUpgradeCheck = 0920;
				ORGANIZATIONNAME = Gmingyue;
				TargetAttributes = {
					AA6BDB29205BA382000AE822 = {
						CreatedOnToolsVersion = 9.2;
						ProvisioningStyle = Automatic;
					};
				};
			};
			buildConfigurationList = AA6BDB25205BA382000AE822 /* Build configuration list for PBXProject "CATransform3DDemo" */;
			compatibilityVersion = "Xcode 8.0";
			developmentRegion = en;
			hasScannedForEncodings = 0;
			knownRegions = (
				en,
				Base,
			);
			mainGroup = AA6BDB21205BA382000AE822;
			productRefGroup = AA6BDB2B205BA382000AE822 /* Products */;
			projectDirPath = "";
			projectRoot = "";
			targets = (
				AA6BDB29205BA382000AE822 /* CATransform3DDemo */,
			);
		};
/* End PBXProject section */

/* Begin PBXResourcesBuildPhase section */
		AA6BDB28205BA382000AE822 /* Resources */ = {
			isa = PBXResourcesBuildPhase;
			buildActionMask = 2147483647;
			files = (
				AA6BDB3A205BA382000AE822 /* LaunchScreen.storyboard in Resources */,
				AA6BDB37205BA382000AE822 /* Assets.xcassets in Resources */,
				AA6BDB35205BA382000AE822 /* Main.storyboard in Resources */,
			);
			runOnlyForDeploymentPostprocessing = 0;
		};
/* End PBXResourcesBuildPhase section */

/* Begin PBXSourcesBuildPhase section */
		AA6BDB26205BA382000AE822 /* Sources */ = {
			isa = PBXSourcesBuildPhase;
			buildActionMask = 2147483647;
			files = (
				AA6BDB32205BA382000AE822 /* ViewController.m in Sources */,
				AA6BDB48205BB800000AE822 /* UIViewAdditions.m in Sources */,
				AA6BDB3D205BA382000AE822 /* main.m in Sources */,
				AA6BDB45205BA4B1000AE822 /* GridView.m in Sources */,
				AA6BDB2F205BA382000AE822 /* AppDelegate.m in Sources */,
			);
			runOnlyForDeploymentPostprocessing = 0;
		};
/* End PBXSourcesBuildPhase section */

/* Begin PBXVariantGroup section */
		AA6BDB33205BA382000AE822 /* Main.storyboard */ = {
			isa = PBXVariantGroup;
			children = (
				AA6BDB34205BA382000AE822 /* Base */,
			);
			name = Main.storyboard;
			sourceTree = "<group>";
		};
		AA6BDB38205BA382000AE822 /* LaunchScreen.storyboard */ = {
			isa = PBXVariantGroup;
			children = (
				AA6BDB39205BA382000AE822 /* Base */,
			);
			name = LaunchScreen.storyboard;
			sourceTree = "<group>";
		};
/* End PBXVariantGroup section */

/* Begin XCBuildConfiguration section */
		AA6BDB3E205BA382000AE822 /* Debug */ = {
			isa = XCBuildConfiguration;
			buildSettings = {
				ALWAYS_SEARCH_USER_PATHS = NO;
				CLANG_ANALYZER_NONNULL = YES;
				CLANG_ANALYZER_NUMBER_OBJECT_CONVERSION = YES_AGGRESSIVE;
				CLANG_CXX_LANGUAGE_STANDARD = "gnu++14";
				CLANG_CXX_LIBRARY = "libc++";
				CLANG_ENABLE_MODULES = YES;
				CLANG_ENABLE_OBJC_ARC = YES;
				CLANG_WARN_BLOCK_CAPTURE_AUTORELEASING = YES;
				CLANG_WARN_BOOL_CONVERSION = YES;
				CLANG_WARN_COMMA = YES;
				CLANG_WARN_CONSTANT_CONVERSION = YES;
				CLANG_WARN_DIRECT_OBJC_ISA_USAGE = YES_ERROR;
				CLANG_WARN_DOCUMENTATION_COMMENTS = YES;
				CLANG_WARN_EMPTY_BODY = YES;
				CLANG_WARN_ENUM_CONVERSION = YES;
				CLANG_WARN_INFINITE_RECURSION = YES;
				CLANG_WARN_INT_CONVERSION = YES;
				CLANG_WARN_NON_LITERAL_NULL_CONVERSION = YES;
				CLANG_WARN_OBJC_LITERAL_CONVERSION = YES;
				CLANG_WARN_OBJC_ROOT_CLASS = YES_ERROR;
				CLANG_WARN_RANGE_LOOP_ANALYSIS = YES;
				CLANG_WARN_STRICT_PROTOTYPES = YES;
				CLANG_WARN_SUSPICIOUS_MOVE = YES;
				CLANG_WARN_UNGUARDED_AVAILABILITY = YES_AGGRESSIVE;
				CLANG_WARN_UNREACHABLE_CODE = YES;
				CLANG_WARN__DUPLICATE_METHOD_MATCH = YES;
				CODE_SIGN_IDENTITY = "iPhone Developer";
				COPY_PHASE_STRIP = NO;
				DEBUG_INFORMATION_FORMAT = dwarf;
				ENABLE_STRICT_OBJC_MSGSEND = YES;
				ENABLE_TESTABILITY = YES;
				GCC_C_LANGUAGE_STANDARD = gnu11;
				GCC_DYNAMIC_NO_PIC = NO;
				GCC_NO_COMMON_BLOCKS = YES;
				GCC_OPTIMIZATION_LEVEL = 0;
				GCC_PREPROCESSOR_DEFINITIONS = (
					"DEBUG=1",
					"$(inherited)",
				);
				GCC_WARN_64_TO_32_BIT_CONVERSION = YES;
				GCC_WARN_ABOUT_RETURN_TYPE = YES_ERROR;
				GCC_WARN_UNDECLARED_SELECTOR = YES;
				GCC_WARN_UNINITIALIZED_AUTOS = YES_AGGRESSIVE;
				GCC_WARN_UNUSED_FUNCTION = YES;
				GCC_WARN_UNUSED_VARIABLE = YES;
				IPHONEOS_DEPLOYMENT_TARGET = 11.2;
				MTL_ENABLE_DEBUG_INFO = YES;
				ONLY_ACTIVE_ARCH = YES;
				SDKROOT = iphoneos;
			};
			name = Debug;
		};
		AA6BDB3F205BA382000AE822 /* Release */ = {
			isa = XCBuildConfiguration;
			buildSettings = {
				ALWAYS_SEARCH_USER_PATHS = NO;
				CLANG_ANALYZER_NONNULL = YES;
				CLANG_ANALYZER_NUMBER_OBJECT_CONVERSION = YES_AGGRESSIVE;
				CLANG_CXX_LANGUAGE_STANDARD = "gnu++14";
				CLANG_CXX_LIBRARY = "libc++";
				CLANG_ENABLE_MODULES = YES;
				CLANG_ENABLE_OBJC_ARC = YES;
				CLANG_WARN_BLOCK_CAPTURE_AUTORELEASING = YES;
				CLANG_WARN_BOOL_CONVERSION = YES;
				CLANG_WARN_COMMA = YES;
				CLANG_WARN_CONSTANT_CONVERSION = YES;
				CLANG_WARN_DIRECT_OBJC_ISA_USAGE = YES_ERROR;
				CLANG_WARN_DOCUMENTATION_COMMENTS = YES;
				CLANG_WARN_EMPTY_BODY = YES;
				CLANG_WARN_ENUM_CONVERSION = YES;
				CLANG_WARN_INFINITE_RECURSION = YES;
				CLANG_WARN_INT_CONVERSION = YES;
				CLANG_WARN_NON_LITERAL_NULL_CONVERSION = YES;
				CLANG_WARN_OBJC_LITERAL_CONVERSION = YES;
				CLANG_WARN_OBJC_ROOT_CLASS = YES_ERROR;
				CLANG_WARN_RANGE_LOOP_ANALYSIS = YES;
				CLANG_WARN_STRICT_PROTOTYPES = YES;
				CLANG_WARN_SUSPICIOUS_MOVE = YES;
				CLANG_WARN_UNGUARDED_AVAILABILITY = YES_AGGRESSIVE;
				CLANG_WARN_UNREACHABLE_CODE = YES;
				CLANG_WARN__DUPLICATE_METHOD_MATCH = YES;
				CODE_SIGN_IDENTITY = "iPhone Developer";
				COPY_PHASE_STRIP = NO;
				DEBUG_INFORMATION_FORMAT = "dwarf-with-dsym";
				ENABLE_NS_ASSERTIONS = NO;
				ENABLE_STRICT_OBJC_MSGSEND = YES;
				GCC_C_LANGUAGE_STANDARD = gnu11;
				GCC_NO_COMMON_BLOCKS = YES;
				GCC_WARN_64_TO_32_BIT_CONVERSION = YES;
				GCC_WARN_ABOUT_RETURN_TYPE = YES_ERROR;
				GCC_WARN_UNDECLARED_SELECTOR = YES;
				GCC_WARN_UNINITIALIZED_AUTOS = YES_AGGRESSIVE;
				GCC_WARN_UNUSED_FUNCTION = YES;
				GCC_WARN_UNUSED_VARIABLE = YES;
				IPHONEOS_DEPLOYMENT_TARGET = 11.2;
				MTL_ENABLE_DEBUG_INFO = NO;
				SDKROOT = iphoneos;
				VALIDATE_PRODUCT = YES;
			};
			name = Release;
		};
		AA6BDB41205BA382000AE822 /* Debug */ = {
			isa = XCBuildConfiguration;
			buildSettings = {
				ASSETCATALOG_COMPILER_APPICON_NAME = AppIcon;
				CODE_SIGN_STYLE = Automatic;
				DEVELOPMENT_TEAM = Z9UD67WPFX;
				INFOPLIST_FILE = CATransform3DDemo/Info.plist;
				IPHONEOS_DEPLOYMENT_TARGET = 9.0;
				LD_RUNPATH_SEARCH_PATHS = "$(inherited) @executable_path/Frameworks";
				PRODUCT_BUNDLE_IDENTIFIER = com.mingyuefly.com.CATransform3DDemo;
				PRODUCT_NAME = "$(TARGET_NAME)";
				TARGETED_DEVICE_FAMILY = "1,2";
			};
			name = Debug;
		};
		AA6BDB42205BA382000AE822 /* Release */ = {
			isa = XCBuildConfiguration;
			buildSettings = {
				ASSETCATALOG_COMPILER_APPICON_NAME = AppIcon;
				CODE_SIGN_STYLE = Automatic;
				DEVELOPMENT_TEAM = Z9UD67WPFX;
				INFOPLIST_FILE = CATransform3DDemo/Info.plist;
				IPHONEOS_DEPLOYMENT_TARGET = 9.0;
				LD_RUNPATH_SEARCH_PATHS = "$(inherited) @executable_path/Frameworks";
				PRODUCT_BUNDLE_IDENTIFIER = com.mingyuefly.com.CATransform3DDemo;
				PRODUCT_NAME = "$(TARGET_NAME)";
				TARGETED_DEVICE_FAMILY = "1,2";
			};
			name = Release;
		};
/* End XCBuildConfiguration section */

/* Begin XCConfigurationList section */
		AA6BDB25205BA382000AE822 /* Build configuration list for PBXProject "CATransform3DDemo" */ = {
			isa = XCConfigurationList;
			buildConfigurations = (
				AA6BDB3E205BA382000AE822 /* Debug */,
				AA6BDB3F205BA382000AE822 /* Release */,
			);
			defaultConfigurationIsVisible = 0;
			defaultConfigurationName = Release;
		};
		AA6BDB40205BA382000AE822 /* Build configuration list for PBXNativeTarget "CATransform3DDemo" */ = {
			isa = XCConfigurationList;
			buildConfigurations = (
				AA6BDB41205BA382000AE822 /* Debug */,
				AA6BDB42205BA382000AE822 /* Release */,
			);
			defaultConfigurationIsVisible = 0;
			defaultConfigurationName = Release;
		};
/* End XCConfigurationList section */
	};
	rootObject = AA6BDB22205BA382000AE822 /* Project object */;
}
